// !$*UTF8*$!
{
	archiveVersion = 1;
	classes = {
	};
	objectVersion = 50;
	objects = {

/* Begin PBXBuildFile section */
		27B9F67A23F14993001EFC44 /* AppDelegate.swift in Sources */ = {isa = PBXBuildFile; fileRef = 27B9F67923F14993001EFC44 /* AppDelegate.swift */; };
		27B9F67C23F14993001EFC44 /* SceneDelegate.swift in Sources */ = {isa = PBXBuildFile; fileRef = 27B9F67B23F14993001EFC44 /* SceneDelegate.swift */; };
		27B9F68123F14993001EFC44 /* Main.storyboard in Resources */ = {isa = PBXBuildFile; fileRef = 27B9F67F23F14993001EFC44 /* Main.storyboard */; };
		27B9F68323F14997001EFC44 /* Assets.xcassets in Resources */ = {isa = PBXBuildFile; fileRef = 27B9F68223F14997001EFC44 /* Assets.xcassets */; };
		27B9F68623F14997001EFC44 /* LaunchScreen.storyboard in Resources */ = {isa = PBXBuildFile; fileRef = 27B9F68423F14997001EFC44 /* LaunchScreen.storyboard */; };
		27B9F68E23F14A45001EFC44 /* TemperatureTableViewController.swift in Sources */ = {isa = PBXBuildFile; fileRef = 27B9F68D23F14A45001EFC44 /* TemperatureTableViewController.swift */; };
		27B9F69223F14AD7001EFC44 /* HealthKit.framework in Frameworks */ = {isa = PBXBuildFile; fileRef = 27B9F69123F14AD7001EFC44 /* HealthKit.framework */; };
		27E729D323F698E8004F3BC9 /* AddTemperatureViewController.swift in Sources */ = {isa = PBXBuildFile; fileRef = 27E729D223F698E8004F3BC9 /* AddTemperatureViewController.swift */; };
/* End PBXBuildFile section */

/* Begin PBXFileReference section */
		27B9F67623F14993001EFC44 /* BodyTemparature.app */ = {isa = PBXFileReference; explicitFileType = wrapper.application; includeInIndex = 0; path = BodyTemparature.app; sourceTree = BUILT_PRODUCTS_DIR; };
		27B9F67923F14993001EFC44 /* AppDelegate.swift */ = {isa = PBXFileReference; lastKnownFileType = sourcecode.swift; path = AppDelegate.swift; sourceTree = "<group>"; };
		27B9F67B23F14993001EFC44 /* SceneDelegate.swift */ = {isa = PBXFileReference; lastKnownFileType = sourcecode.swift; path = SceneDelegate.swift; sourceTree = "<group>"; };
		27B9F68023F14993001EFC44 /* Base */ = {isa = PBXFileReference; lastKnownFileType = file.storyboard; name = Base; path = Base.lproj/Main.storyboard; sourceTree = "<group>"; };
		27B9F68223F14997001EFC44 /* Assets.xcassets */ = {isa = PBXFileReference; lastKnownFileType = folder.assetcatalog; path = Assets.xcassets; sourceTree = "<group>"; };
		27B9F68523F14997001EFC44 /* Base */ = {isa = PBXFileReference; lastKnownFileType = file.storyboard; name = Base; path = Base.lproj/LaunchScreen.storyboard; sourceTree = "<group>"; };
		27B9F68723F14997001EFC44 /* Info.plist */ = {isa = PBXFileReference; lastKnownFileType = text.plist.xml; path = Info.plist; sourceTree = "<group>"; };
		27B9F68D23F14A45001EFC44 /* TemperatureTableViewController.swift */ = {isa = PBXFileReference; lastKnownFileType = sourcecode.swift; path = TemperatureTableViewController.swift; sourceTree = "<group>"; };
		27B9F68F23F14AD7001EFC44 /* BodyTemparature.entitlements */ = {isa = PBXFileReference; lastKnownFileType = text.plist.entitlements; path = BodyTemparature.entitlements; sourceTree = "<group>"; };
		27B9F69123F14AD7001EFC44 /* HealthKit.framework */ = {isa = PBXFileReference; lastKnownFileType = wrapper.framework; name = HealthKit.framework; path = System/Library/Frameworks/HealthKit.framework; sourceTree = SDKROOT; };
		27E729D223F698E8004F3BC9 /* AddTemperatureViewController.swift */ = {isa = PBXFileReference; lastKnownFileType = sourcecode.swift; path = AddTemperatureViewController.swift; sourceTree = "<group>"; };
/* End PBXFileReference section */

/* Begin PBXFrameworksBuildPhase section */
		27B9F67323F14993001EFC44 /* Frameworks */ = {
			isa = PBXFrameworksBuildPhase;
			buildActionMask = 2147483647;
			files = (
				27B9F69223F14AD7001EFC44 /* HealthKit.framework in Frameworks */,
			);
			runOnlyForDeploymentPostprocessing = 0;
		};
/* End PBXFrameworksBuildPhase section */

/* Begin PBXGroup section */
		27B9F66D23F14993001EFC44 = {
			isa = PBXGroup;
			children = (
				27B9F69323F14AFD001EFC44 /* SupportingFiles */,
				27B9F67823F14993001EFC44 /* BodyTemparature */,
				27B9F67723F14993001EFC44 /* Products */,
				27B9F69023F14AD7001EFC44 /* Frameworks */,
			);
			sourceTree = "<group>";
		};
		27B9F67723F14993001EFC44 /* Products */ = {
			isa = PBXGroup;
			children = (
				27B9F67623F14993001EFC44 /* BodyTemparature.app */,
			);
			name = Products;
			sourceTree = "<group>";
		};
		27B9F67823F14993001EFC44 /* BodyTemparature */ = {
			isa = PBXGroup;
			children = (
				27B9F68D23F14A45001EFC44 /* TemperatureTableViewController.swift */,
				27E729D223F698E8004F3BC9 /* AddTemperatureViewController.swift */,
				27B9F67923F14993001EFC44 /* AppDelegate.swift */,
				27B9F67F23F14993001EFC44 /* Main.storyboard */,
				27B9F68723F14997001EFC44 /* Info.plist */,
				27B9F68F23F14AD7001EFC44 /* BodyTemparature.entitlements */,
				27B9F68223F14997001EFC44 /* Assets.xcassets */,
			);
			path = BodyTemparature;
			sourceTree = "<group>";
		};
		27B9F69023F14AD7001EFC44 /* Frameworks */ = {
			isa = PBXGroup;
			children = (
				27B9F69123F14AD7001EFC44 /* HealthKit.framework */,
			);
			name = Frameworks;
			sourceTree = "<group>";
		};
		27B9F69323F14AFD001EFC44 /* SupportingFiles */ = {
			isa = PBXGroup;
			children = (
				27B9F67B23F14993001EFC44 /* SceneDelegate.swift */,
				27B9F68423F14997001EFC44 /* LaunchScreen.storyboard */,
			);
			path = SupportingFiles;
			sourceTree = "<group>";
		};
/* End PBXGroup section */

/* Begin PBXNativeTarget section */
		27B9F67523F14993001EFC44 /* BodyTemparature */ = {
			isa = PBXNativeTarget;
			buildConfigurationList = 27B9F68A23F14997001EFC44 /* Build configuration list for PBXNativeTarget "BodyTemparature" */;
			buildPhases = (
				27B9F67223F14993001EFC44 /* Sources */,
				27B9F67323F14993001EFC44 /* Frameworks */,
				27B9F67423F14993001EFC44 /* Resources */,
			);
			buildRules = (
			);
			dependencies = (
			);
			name = BodyTemparature;
			productName = BodyTemparature;
			productReference = 27B9F67623F14993001EFC44 /* BodyTemparature.app */;
			productType = "com.apple.product-type.application";
		};
/* End PBXNativeTarget section */

/* Begin PBXProject section */
		27B9F66E23F14993001EFC44 /* Project object */ = {
			isa = PBXProject;
			attributes = {
				LastSwiftUpdateCheck = 1130;
				LastUpgradeCheck = 1130;
				ORGANIZATIONNAME = "Cyan Maple";
				TargetAttributes = {
					27B9F67523F14993001EFC44 = {
						CreatedOnToolsVersion = 11.3.1;
					};
				};
			};
			buildConfigurationList = 27B9F67123F14993001EFC44 /* Build configuration list for PBXProject "BodyTemparature" */;
			compatibilityVersion = "Xcode 9.3";
			developmentRegion = en;
			hasScannedForEncodings = 0;
			knownRegions = (
				en,
				Base,
			);
			mainGroup = 27B9F66D23F14993001EFC44;
			productRefGroup = 27B9F67723F14993001EFC44 /* Products */;
			projectDirPath = "";
			projectRoot = "";
			targets = (
				27B9F67523F14993001EFC44 /* BodyTemparature */,
			);
		};
/* End PBXProject section */

/* Begin PBXResourcesBuildPhase section */
		27B9F67423F14993001EFC44 /* Resources */ = {
			isa = PBXResourcesBuildPhase;
			buildActionMask = 2147483647;
			files = (
				27B9F68623F14997001EFC44 /* LaunchScreen.storyboard in Resources */,
				27B9F68323F14997001EFC44 /* Assets.xcassets in Resources */,
				27B9F68123F14993001EFC44 /* Main.storyboard in Resources */,
			);
			runOnlyForDeploymentPostprocessing = 0;
		};
/* End PBXResourcesBuildPhase section */

/* Begin PBXSourcesBuildPhase section */
		27B9F67223F14993001EFC44 /* Sources */ = {
			isa = PBXSourcesBuildPhase;
			buildActionMask = 2147483647;
			files = (
				27B9F68E23F14A45001EFC44 /* TemperatureTableViewController.swift in Sources */,
				27B9F67A23F14993001EFC44 /* AppDelegate.swift in Sources */,
				27B9F67C23F14993001EFC44 /* SceneDelegate.swift in Sources */,
				27E729D323F698E8004F3BC9 /* AddTemperatureViewController.swift in Sources */,
			);
			runOnlyForDeploymentPostprocessing = 0;
		};
/* End PBXSourcesBuildPhase section */

/* Begin PBXVariantGroup section */
		27B9F67F23F14993001EFC44 /* Main.storyboard */ = {
			isa = PBXVariantGroup;
			children = (
				27B9F68023F14993001EFC44 /* Base */,
			);
			name = Main.storyboard;
			sourceTree = "<group>";
		};
		27B9F68423F14997001EFC44 /* LaunchScreen.storyboard */ = {
			isa = PBXVariantGroup;
			children = (
				27B9F68523F14997001EFC44 /* Base */,
			);
			name = LaunchScreen.storyboard;
			sourceTree = "<group>";
		};
/* End PBXVariantGroup section */

/* Begin XCBuildConfiguration section */
		27B9F68823F14997001EFC44 /* Debug */ = {
			isa = XCBuildConfiguration;
			buildSettings = {
				ALWAYS_SEARCH_USER_PATHS = NO;
				CLANG_ANALYZER_NONNULL = YES;
				CLANG_ANALYZER_NUMBER_OBJECT_CONVERSION = YES_AGGRESSIVE;
				CLANG_CXX_LANGUAGE_STANDARD = "gnu++14";
				CLANG_CXX_LIBRARY = "libc++";
				CLANG_ENABLE_MODULES = YES;
				CLANG_ENABLE_OBJC_ARC = YES;
				CLANG_ENABLE_OBJC_WEAK = YES;
				CLANG_WARN_BLOCK_CAPTURE_AUTORELEASING = YES;
				CLANG_WARN_BOOL_CONVERSION = YES;
				CLANG_WARN_COMMA = YES;
				CLANG_WARN_CONSTANT_CONVERSION = YES;
				CLANG_WARN_DEPRECATED_OBJC_IMPLEMENTATIONS = YES;
				CLANG_WARN_DIRECT_OBJC_ISA_USAGE = YES_ERROR;
				CLANG_WARN_DOCUMENTATION_COMMENTS = YES;
				CLANG_WARN_EMPTY_BODY = YES;
				CLANG_WARN_ENUM_CONVERSION = YES;
				CLANG_WARN_INFINITE_RECURSION = YES;
				CLANG_WARN_INT_CONVERSION = YES;
				CLANG_WARN_NON_LITERAL_NULL_CONVERSION = YES;
				CLANG_WARN_OBJC_IMPLICIT_RETAIN_SELF = YES;
				CLANG_WARN_OBJC_LITERAL_CONVERSION = YES;
				CLANG_WARN_OBJC_ROOT_CLASS = YES_ERROR;
				CLANG_WARN_RANGE_LOOP_ANALYSIS = YES;
				CLANG_WARN_STRICT_PROTOTYPES = YES;
				CLANG_WARN_SUSPICIOUS_MOVE = YES;
				CLANG_WARN_UNGUARDED_AVAILABILITY = YES_AGGRESSIVE;
				CLANG_WARN_UNREACHABLE_CODE = YES;
				CLANG_WARN__DUPLICATE_METHOD_MATCH = YES;
				COPY_PHASE_STRIP = NO;
				DEBUG_INFORMATION_FORMAT = dwarf;
				ENABLE_STRICT_OBJC_MSGSEND = YES;
				ENABLE_TESTABILITY = YES;
				GCC_C_LANGUAGE_STANDARD = gnu11;
				GCC_DYNAMIC_NO_PIC = NO;
				GCC_NO_COMMON_BLOCKS = YES;
				GCC_OPTIMIZATION_LEVEL = 0;
				GCC_PREPROCESSOR_DEFINITIONS = (
					"DEBUG=1",
					"$(inherited)",
				);
				GCC_WARN_64_TO_32_BIT_CONVERSION = YES;
				GCC_WARN_ABOUT_RETURN_TYPE = YES_ERROR;
				GCC_WARN_UNDECLARED_SELECTOR = YES;
				GCC_WARN_UNINITIALIZED_AUTOS = YES_AGGRESSIVE;
				GCC_WARN_UNUSED_FUNCTION = YES;
				GCC_WARN_UNUSED_VARIABLE = YES;
				IPHONEOS_DEPLOYMENT_TARGET = 13.2;
				MTL_ENABLE_DEBUG_INFO = INCLUDE_SOURCE;
				MTL_FAST_MATH = YES;
				ONLY_ACTIVE_ARCH = YES;
				SDKROOT = iphoneos;
				SWIFT_ACTIVE_COMPILATION_CONDITIONS = DEBUG;
				SWIFT_OPTIMIZATION_LEVEL = "-Onone";
			};
			name = Debug;
		};
		27B9F68923F14997001EFC44 /* Release */ = {
			isa = XCBuildConfiguration;
			buildSettings = {
				ALWAYS_SEARCH_USER_PATHS = NO;
				CLANG_ANALYZER_NONNULL = YES;
				CLANG_ANALYZER_NUMBER_OBJECT_CONVERSION = YES_AGGRESSIVE;
				CLANG_CXX_LANGUAGE_STANDARD = "gnu++14";
				CLANG_CXX_LIBRARY = "libc++";
				CLANG_ENABLE_MODULES = YES;
				CLANG_ENABLE_OBJC_ARC = YES;
				CLANG_ENABLE_OBJC_WEAK = YES;
				CLANG_WARN_BLOCK_CAPTURE_AUTORELEASING = YES;
				CLANG_WARN_BOOL_CONVERSION = YES;
				CLANG_WARN_COMMA = YES;
				CLANG_WARN_CONSTANT_CONVERSION = YES;
				CLANG_WARN_DEPRECATED_OBJC_IMPLEMENTATIONS = YES;
				CLANG_WARN_DIRECT_OBJC_ISA_USAGE = YES_ERROR;
				CLANG_WARN_DOCUMENTATION_COMMENTS = YES;
				CLANG_WARN_EMPTY_BODY = YES;
				CLANG_WARN_ENUM_CONVERSION = YES;
				CLANG_WARN_INFINITE_RECURSION = YES;
				CLANG_WARN_INT_CONVERSION = YES;
				CLANG_WARN_NON_LITERAL_NULL_CONVERSION = YES;
				CLANG_WARN_OBJC_IMPLICIT_RETAIN_SELF = YES;
				CLANG_WARN_OBJC_LITERAL_CONVERSION = YES;
				CLANG_WARN_OBJC_ROOT_CLASS = YES_ERROR;
				CLANG_WARN_RANGE_LOOP_ANALYSIS = YES;
				CLANG_WARN_STRICT_PROTOTYPES = YES;
				CLANG_WARN_SUSPICIOUS_MOVE = YES;
				CLANG_WARN_UNGUARDED_AVAILABILITY = YES_AGGRESSIVE;
				CLANG_WARN_UNREACHABLE_CODE = YES;
				CLANG_WARN__DUPLICATE_METHOD_MATCH = YES;
				COPY_PHASE_STRIP = NO;
				DEBUG_INFORMATION_FORMAT = "dwarf-with-dsym";
				ENABLE_NS_ASSERTIONS = NO;
				ENABLE_STRICT_OBJC_MSGSEND = YES;
				GCC_C_LANGUAGE_STANDARD = gnu11;
				GCC_NO_COMMON_BLOCKS = YES;
				GCC_WARN_64_TO_32_BIT_CONVERSION = YES;
				GCC_WARN_ABOUT_RETURN_TYPE = YES_ERROR;
				GCC_WARN_UNDECLARED_SELECTOR = YES;
				GCC_WARN_UNINITIALIZED_AUTOS = YES_AGGRESSIVE;
				GCC_WARN_UNUSED_FUNCTION = YES;
				GCC_WARN_UNUSED_VARIABLE = YES;
				IPHONEOS_DEPLOYMENT_TARGET = 13.2;
				MTL_ENABLE_DEBUG_INFO = NO;
				MTL_FAST_MATH = YES;
				SDKROOT = iphoneos;
				SWIFT_COMPILATION_MODE = wholemodule;
				SWIFT_OPTIMIZATION_LEVEL = "-O";
				VALIDATE_PRODUCT = YES;
			};
			name = Release;
		};
		27B9F68B23F14997001EFC44 /* Debug */ = {
			isa = XCBuildConfiguration;
			buildSettings = {
				ASSETCATALOG_COMPILER_APPICON_NAME = AppIcon;
				CODE_SIGN_ENTITLEMENTS = BodyTemparature/BodyTemparature.entitlements;
				CODE_SIGN_STYLE = Automatic;
				DEVELOPMENT_TEAM = 4J6QFDHMK2;
				INFOPLIST_FILE = BodyTemparature/Info.plist;
				IPHONEOS_DEPLOYMENT_TARGET = 13.2;
				LD_RUNPATH_SEARCH_PATHS = (
					"$(inherited)",
					"@executable_path/Frameworks",
				);
				PRODUCT_BUNDLE_IDENTIFIER = cn.kylebing.BodyTemparature;
				PRODUCT_NAME = "$(TARGET_NAME)";
				SWIFT_VERSION = 5.0;
				TARGETED_DEVICE_FAMILY = "1,2";
			};
			name = Debug;
		};
		27B9F68C23F14997001EFC44 /* Release */ = {
			isa = XCBuildConfiguration;
			buildSettings = {
				ASSETCATALOG_COMPILER_APPICON_NAME = AppIcon;
				CODE_SIGN_ENTITLEMENTS = BodyTemparature/BodyTemparature.entitlements;
				CODE_SIGN_STYLE = Automatic;
				DEVELOPMENT_TEAM = 4J6QFDHMK2;
				INFOPLIST_FILE = BodyTemparature/Info.plist;
				IPHONEOS_DEPLOYMENT_TARGET = 13.2;
				LD_RUNPATH_SEARCH_PATHS = (
					"$(inherited)",
					"@executable_path/Frameworks",
				);
				PRODUCT_BUNDLE_IDENTIFIER = cn.kylebing.BodyTemparature;
				PRODUCT_NAME = "$(TARGET_NAME)";
				SWIFT_VERSION = 5.0;
				TARGETED_DEVICE_FAMILY = "1,2";
			};
			name = Release;
		};
/* End XCBuildConfiguration section */

/* Begin XCConfigurationList section */
		27B9F67123F14993001EFC44 /* Build configuration list for PBXProject "BodyTemparature" */ = {
			isa = XCConfigurationList;
			buildConfigurations = (
				27B9F68823F14997001EFC44 /* Debug */,
				27B9F68923F14997001EFC44 /* Release */,
			);
			defaultConfigurationIsVisible = 0;
			defaultConfigurationName = Release;
		};
		27B9F68A23F14997001EFC44 /* Build configuration list for PBXNativeTarget "BodyTemparature" */ = {
			isa = XCConfigurationList;
			buildConfigurations = (
				27B9F68B23F14997001EFC44 /* Debug */,
				27B9F68C23F14997001EFC44 /* Release */,
			);
			defaultConfigurationIsVisible = 0;
			defaultConfigurationName = Release;
		};
/* End XCConfigurationList section */
	};
	rootObject = 27B9F66E23F14993001EFC44 /* Project object */;
}
